{
  "name": "node-heroku-server",
  "version": "1.0.0",
  "lockfileVersion": 1,
  "requires": true,
  "dependencies": {
    "prettier": {
      "version": "2.2.1",
      "resolved": "https://repo.cloud.accedo.tv:443/artifactory/api/npm/public-npm-repos/prettier/-/prettier-2.2.1.tgz",
      "integrity": "sha1-eVoaeN1S8HPaDNQrIfnJE4GSP/U=",
      "dev": true
    }
  }
}
